{
  "name": "meditations-reader",
  "lockfileVersion": 3,
  "requires": true,
  "packages": {
    "": {
      "name": "meditations-reader",
      "dependencies": {
        "openai": "^5.23.2",
        "page-flip": "^2.0.7"
      }
    },
    "node_modules/openai": {
      "version": "5.23.2",
      "resolved": "https://registry.npmjs.org/openai/-/openai-5.23.2.tgz",
      "integrity": "sha512-MQBzmTulj+MM5O8SKEk/gL8a7s5mktS9zUtAkU257WjvobGc9nKcBuVwjyEEcb9SI8a8Y2G/mzn3vm9n1Jlleg==",
      "license": "Apache-2.0",
      "bin": {
        "openai": "bin/cli"
      },
      "peerDependencies": {
        "ws": "^8.18.0",
        "zod": "^3.23.8"
      },
      "peerDependenciesMeta": {
        "ws": {
          "optional": true
        },
        "zod": {
          "optional": true
        }
      }
    },
    "node_modules/page-flip": {
      "version": "2.0.7",
      "resolved": "https://registry.npmjs.org/page-flip/-/page-flip-2.0.7.tgz",
      "integrity": "sha512-96lQFUUz7r/LZzEUZJ3yBIMEKU9+m8HMFDzTvTdD6P7Ag/wXINjp9n0W7b4wanwnDbQETo4uNUoL3zMqpFxwGA==",
      "license": "MIT"
    }
  }
}
